
Microsoft Visual Studio Solution File, Format Version 12.00
# Visual Studio 15
VisualStudioVersion = 15.0.28307.421
MinimumVisualStudioVersion = 10.0.40219.1
Project("{FAE04EC0-301F-11D3-BF4B-00C04F79EFBC}") = "TilesApp.Android", "TilesApp\TilesApp.Android\TilesApp.Android.csproj", "{1B8D6F70-6F81-4985-A64A-4B4C62084CA7}"
EndProject
Project("{FAE04EC0-301F-11D3-BF4B-00C04F79EFBC}") = "TilesApp.iOS", "TilesApp\TilesApp.iOS\TilesApp.iOS.csproj", "{11153105-9E48-41EC-A5C9-829E82C1BE6D}"
EndProject
Project("{FAE04EC0-301F-11D3-BF4B-00C04F79EFBC}") = "TilesApp.UWP", "TilesApp\TilesApp.UWP\TilesApp.UWP.csproj", "{7F538A22-5BDD-47BC-BB5B-39E8EAF2F247}"
EndProject
Project("{FAE04EC0-301F-11D3-BF4B-00C04F79EFBC}") = "TilesApp", "TilesApp\TilesApp\TilesApp.csproj", "{8E9C7AE2-58A8-4728-9837-105F8A64193E}"
EndProject
Global
	GlobalSection(SolutionConfigurationPlatforms) = preSolution
		Ad-Hoc|Any CPU = Ad-Hoc|Any CPU
		Ad-Hoc|ARM = Ad-Hoc|ARM
		Ad-Hoc|iPhone = Ad-Hoc|iPhone
		Ad-Hoc|iPhoneSimulator = Ad-Hoc|iPhoneSimulator
		Ad-Hoc|x64 = Ad-Hoc|x64
		Ad-Hoc|x86 = Ad-Hoc|x86
		AppStore|Any CPU = AppStore|Any CPU
		AppStore|ARM = AppStore|ARM
		AppStore|iPhone = AppStore|iPhone
		AppStore|iPhoneSimulator = AppStore|iPhoneSimulator
		AppStore|x64 = AppStore|x64
		AppStore|x86 = AppStore|x86
		Debug|Any CPU = Debug|Any CPU
		Debug|ARM = Debug|ARM
		Debug|iPhone = Debug|iPhone
		Debug|iPhoneSimulator = Debug|iPhoneSimulator
		Debug|x64 = Debug|x64
		Debug|x86 = Debug|x86
		Release|Any CPU = Release|Any CPU
		Release|ARM = Release|ARM
		Release|iPhone = Release|iPhone
		Release|iPhoneSimulator = Release|iPhoneSimulator
		Release|x64 = Release|x64
		Release|x86 = Release|x86
	EndGlobalSection
	GlobalSection(ProjectConfigurationPlatforms) = postSolution
		{1B8D6F70-6F81-4985-A64A-4B4C62084CA7}.Ad-Hoc|Any CPU.ActiveCfg = Release|Any CPU
		{1B8D6F70-6F81-4985-A64A-4B4C62084CA7}.Ad-Hoc|Any CPU.Build.0 = Release|Any CPU
		{1B8D6F70-6F81-4985-A64A-4B4C62084CA7}.Ad-Hoc|Any CPU.Deploy.0 = Release|Any CPU
		{1B8D6F70-6F81-4985-A64A-4B4C62084CA7}.Ad-Hoc|ARM.ActiveCfg = Release|Any CPU
		{1B8D6F70-6F81-4985-A64A-4B4C62084CA7}.Ad-Hoc|ARM.Build.0 = Release|Any CPU
		{1B8D6F70-6F81-4985-A64A-4B4C62084CA7}.Ad-Hoc|ARM.Deploy.0 = Release|Any CPU
		{1B8D6F70-6F81-4985-A64A-4B4C62084CA7}.Ad-Hoc|iPhone.ActiveCfg = Release|Any CPU
		{1B8D6F70-6F81-4985-A64A-4B4C62084CA7}.Ad-Hoc|iPhone.Build.0 = Release|Any CPU
		{1B8D6F70-6F81-4985-A64A-4B4C62084CA7}.Ad-Hoc|iPhone.Deploy.0 = Release|Any CPU
		{1B8D6F70-6F81-4985-A64A-4B4C62084CA7}.Ad-Hoc|iPhoneSimulator.ActiveCfg = Release|Any CPU
		{1B8D6F70-6F81-4985-A64A-4B4C62084CA7}.Ad-Hoc|iPhoneSimulator.Build.0 = Release|Any CPU
		{1B8D6F70-6F81-4985-A64A-4B4C62084CA7}.Ad-Hoc|iPhoneSimulator.Deploy.0 = Release|Any CPU
		{1B8D6F70-6F81-4985-A64A-4B4C62084CA7}.Ad-Hoc|x64.ActiveCfg = Release|Any CPU
		{1B8D6F70-6F81-4985-A64A-4B4C62084CA7}.Ad-Hoc|x64.Build.0 = Release|Any CPU
		{1B8D6F70-6F81-4985-A64A-4B4C62084CA7}.Ad-Hoc|x64.Deploy.0 = Release|Any CPU
		{1B8D6F70-6F81-4985-A64A-4B4C62084CA7}.Ad-Hoc|x86.ActiveCfg = Release|Any CPU
		{1B8D6F70-6F81-4985-A64A-4B4C62084CA7}.Ad-Hoc|x86.Build.0 = Release|Any CPU
		{1B8D6F70-6F81-4985-A64A-4B4C62084CA7}.Ad-Hoc|x86.Deploy.0 = Release|Any CPU
		{1B8D6F70-6F81-4985-A64A-4B4C62084CA7}.AppStore|Any CPU.ActiveCfg = Release|Any CPU
		{1B8D6F70-6F81-4985-A64A-4B4C62084CA7}.AppStore|Any CPU.Build.0 = Release|Any CPU
		{1B8D6F70-6F81-4985-A64A-4B4C62084CA7}.AppStore|Any CPU.Deploy.0 = Release|Any CPU
		{1B8D6F70-6F81-4985-A64A-4B4C62084CA7}.AppStore|ARM.ActiveCfg = Release|Any CPU
		{1B8D6F70-6F81-4985-A64A-4B4C62084CA7}.AppStore|ARM.Build.0 = Release|Any CPU
		{1B8D6F70-6F81-4985-A64A-4B4C62084CA7}.AppStore|ARM.Deploy.0 = Release|Any CPU
		{1B8D6F70-6F81-4985-A64A-4B4C62084CA7}.AppStore|iPhone.ActiveCfg = Release|Any CPU
		{1B8D6F70-6F81-4985-A64A-4B4C62084CA7}.AppStore|iPhone.Build.0 = Release|Any CPU
		{1B8D6F70-6F81-4985-A64A-4B4C62084CA7}.AppStore|iPhone.Deploy.0 = Release|Any CPU
		{1B8D6F70-6F81-4985-A64A-4B4C62084CA7}.AppStore|iPhoneSimulator.ActiveCfg = Release|Any CPU
		{1B8D6F70-6F81-4985-A64A-4B4C62084CA7}.AppStore|iPhoneSimulator.Build.0 = Release|Any CPU
		{1B8D6F70-6F81-4985-A64A-4B4C62084CA7}.AppStore|iPhoneSimulator.Deploy.0 = Release|Any CPU
		{1B8D6F70-6F81-4985-A64A-4B4C62084CA7}.AppStore|x64.ActiveCfg = Release|Any CPU
		{1B8D6F70-6F81-4985-A64A-4B4C62084CA7}.AppStore|x64.Build.0 = Release|Any CPU
		{1B8D6F70-6F81-4985-A64A-4B4C62084CA7}.AppStore|x64.Deploy.0 = Release|Any CPU
		{1B8D6F70-6F81-4985-A64A-4B4C62084CA7}.AppStore|x86.ActiveCfg = Release|Any CPU
		{1B8D6F70-6F81-4985-A64A-4B4C62084CA7}.AppStore|x86.Build.0 = Release|Any CPU
		{1B8D6F70-6F81-4985-A64A-4B4C62084CA7}.AppStore|x86.Deploy.0 = Release|Any CPU
		{1B8D6F70-6F81-4985-A64A-4B4C62084CA7}.Debug|Any CPU.ActiveCfg = Debug|Any CPU
		{1B8D6F70-6F81-4985-A64A-4B4C62084CA7}.Debug|Any CPU.Build.0 = Debug|Any CPU
		{1B8D6F70-6F81-4985-A64A-4B4C62084CA7}.Debug|Any CPU.Deploy.0 = Debug|Any CPU
		{1B8D6F70-6F81-4985-A64A-4B4C62084CA7}.Debug|ARM.ActiveCfg = Debug|Any CPU
		{1B8D6F70-6F81-4985-A64A-4B4C62084CA7}.Debug|ARM.Build.0 = Debug|Any CPU
		{1B8D6F70-6F81-4985-A64A-4B4C62084CA7}.Debug|ARM.Deploy.0 = Debug|Any CPU
		{1B8D6F70-6F81-4985-A64A-4B4C62084CA7}.Debug|iPhone.ActiveCfg = Debug|Any CPU
		{1B8D6F70-6F81-4985-A64A-4B4C62084CA7}.Debug|iPhone.Build.0 = Debug|Any CPU
		{1B8D6F70-6F81-4985-A64A-4B4C62084CA7}.Debug|iPhone.Deploy.0 = Debug|Any CPU
		{1B8D6F70-6F81-4985-A64A-4B4C62084CA7}.Debug|iPhoneSimulator.ActiveCfg = Debug|Any CPU
		{1B8D6F70-6F81-4985-A64A-4B4C62084CA7}.Debug|iPhoneSimulator.Build.0 = Debug|Any CPU
		{1B8D6F70-6F81-4985-A64A-4B4C62084CA7}.Debug|iPhoneSimulator.Deploy.0 = Debug|Any CPU
		{1B8D6F70-6F81-4985-A64A-4B4C62084CA7}.Debug|x64.ActiveCfg = Debug|Any CPU
		{1B8D6F70-6F81-4985-A64A-4B4C62084CA7}.Debug|x64.Build.0 = Debug|Any CPU
		{1B8D6F70-6F81-4985-A64A-4B4C62084CA7}.Debug|x64.Deploy.0 = Debug|Any CPU
		{1B8D6F70-6F81-4985-A64A-4B4C62084CA7}.Debug|x86.ActiveCfg = Debug|Any CPU
		{1B8D6F70-6F81-4985-A64A-4B4C62084CA7}.Debug|x86.Build.0 = Debug|Any CPU
		{1B8D6F70-6F81-4985-A64A-4B4C62084CA7}.Debug|x86.Deploy.0 = Debug|Any CPU
		{1B8D6F70-6F81-4985-A64A-4B4C62084CA7}.Release|Any CPU.ActiveCfg = Release|Any CPU
		{1B8D6F70-6F81-4985-A64A-4B4C62084CA7}.Release|Any CPU.Build.0 = Release|Any CPU
		{1B8D6F70-6F81-4985-A64A-4B4C62084CA7}.Release|Any CPU.Deploy.0 = Release|Any CPU
		{1B8D6F70-6F81-4985-A64A-4B4C62084CA7}.Release|ARM.ActiveCfg = Release|Any CPU
		{1B8D6F70-6F81-4985-A64A-4B4C62084CA7}.Release|ARM.Build.0 = Release|Any CPU
		{1B8D6F70-6F81-4985-A64A-4B4C62084CA7}.Release|ARM.Deploy.0 = Release|Any CPU
		{1B8D6F70-6F81-4985-A64A-4B4C62084CA7}.Release|iPhone.ActiveCfg = Release|Any CPU
		{1B8D6F70-6F81-4985-A64A-4B4C62084CA7}.Release|iPhone.Build.0 = Release|Any CPU
		{1B8D6F70-6F81-4985-A64A-4B4C62084CA7}.Release|iPhone.Deploy.0 = Release|Any CPU
		{1B8D6F70-6F81-4985-A64A-4B4C62084CA7}.Release|iPhoneSimulator.ActiveCfg = Release|Any CPU
		{1B8D6F70-6F81-4985-A64A-4B4C62084CA7}.Release|iPhoneSimulator.Build.0 = Release|Any CPU
		{1B8D6F70-6F81-4985-A64A-4B4C62084CA7}.Release|iPhoneSimulator.Deploy.0 = Release|Any CPU
		{1B8D6F70-6F81-4985-A64A-4B4C62084CA7}.Release|x64.ActiveCfg = Release|Any CPU
		{1B8D6F70-6F81-4985-A64A-4B4C62084CA7}.Release|x64.Build.0 = Release|Any CPU
		{1B8D6F70-6F81-4985-A64A-4B4C62084CA7}.Release|x64.Deploy.0 = Release|Any CPU
		{1B8D6F70-6F81-4985-A64A-4B4C62084CA7}.Release|x86.ActiveCfg = Release|Any CPU
		{1B8D6F70-6F81-4985-A64A-4B4C62084CA7}.Release|x86.Build.0 = Release|Any CPU
		{1B8D6F70-6F81-4985-A64A-4B4C62084CA7}.Release|x86.Deploy.0 = Release|Any CPU
		{11153105-9E48-41EC-A5C9-829E82C1BE6D}.Ad-Hoc|Any CPU.ActiveCfg = Ad-Hoc|iPhone
		{11153105-9E48-41EC-A5C9-829E82C1BE6D}.Ad-Hoc|Any CPU.Build.0 = Ad-Hoc|iPhone
		{11153105-9E48-41EC-A5C9-829E82C1BE6D}.Ad-Hoc|Any CPU.Deploy.0 = Ad-Hoc|iPhone
		{11153105-9E48-41EC-A5C9-829E82C1BE6D}.Ad-Hoc|ARM.ActiveCfg = Ad-Hoc|iPhone
		{11153105-9E48-41EC-A5C9-829E82C1BE6D}.Ad-Hoc|ARM.Build.0 = Ad-Hoc|iPhone
		{11153105-9E48-41EC-A5C9-829E82C1BE6D}.Ad-Hoc|ARM.Deploy.0 = Ad-Hoc|iPhone
		{11153105-9E48-41EC-A5C9-829E82C1BE6D}.Ad-Hoc|iPhone.ActiveCfg = Ad-Hoc|iPhone
		{11153105-9E48-41EC-A5C9-829E82C1BE6D}.Ad-Hoc|iPhone.Build.0 = Ad-Hoc|iPhone
		{11153105-9E48-41EC-A5C9-829E82C1BE6D}.Ad-Hoc|iPhone.Deploy.0 = Ad-Hoc|iPhone
		{11153105-9E48-41EC-A5C9-829E82C1BE6D}.Ad-Hoc|iPhoneSimulator.ActiveCfg = Ad-Hoc|iPhoneSimulator
		{11153105-9E48-41EC-A5C9-829E82C1BE6D}.Ad-Hoc|iPhoneSimulator.Build.0 = Ad-Hoc|iPhoneSimulator
		{11153105-9E48-41EC-A5C9-829E82C1BE6D}.Ad-Hoc|iPhoneSimulator.Deploy.0 = Ad-Hoc|iPhoneSimulator
		{11153105-9E48-41EC-A5C9-829E82C1BE6D}.Ad-Hoc|x64.ActiveCfg = Ad-Hoc|iPhone
		{11153105-9E48-41EC-A5C9-829E82C1BE6D}.Ad-Hoc|x64.Build.0 = Ad-Hoc|iPhone
		{11153105-9E48-41EC-A5C9-829E82C1BE6D}.Ad-Hoc|x64.Deploy.0 = Ad-Hoc|iPhone
		{11153105-9E48-41EC-A5C9-829E82C1BE6D}.Ad-Hoc|x86.ActiveCfg = Ad-Hoc|iPhone
		{11153105-9E48-41EC-A5C9-829E82C1BE6D}.Ad-Hoc|x86.Build.0 = Ad-Hoc|iPhone
		{11153105-9E48-41EC-A5C9-829E82C1BE6D}.Ad-Hoc|x86.Deploy.0 = Ad-Hoc|iPhone
		{11153105-9E48-41EC-A5C9-829E82C1BE6D}.AppStore|Any CPU.ActiveCfg = AppStore|iPhone
		{11153105-9E48-41EC-A5C9-829E82C1BE6D}.AppStore|Any CPU.Build.0 = AppStore|iPhone
		{11153105-9E48-41EC-A5C9-829E82C1BE6D}.AppStore|Any CPU.Deploy.0 = AppStore|iPhone
		{11153105-9E48-41EC-A5C9-829E82C1BE6D}.AppStore|ARM.ActiveCfg = AppStore|iPhone
		{11153105-9E48-41EC-A5C9-829E82C1BE6D}.AppStore|ARM.Build.0 = AppStore|iPhone
		{11153105-9E48-41EC-A5C9-829E82C1BE6D}.AppStore|ARM.Deploy.0 = AppStore|iPhone
		{11153105-9E48-41EC-A5C9-829E82C1BE6D}.AppStore|iPhone.ActiveCfg = AppStore|iPhone
		{11153105-9E48-41EC-A5C9-829E82C1BE6D}.AppStore|iPhone.Build.0 = AppStore|iPhone
		{11153105-9E48-41EC-A5C9-829E82C1BE6D}.AppStore|iPhone.Deploy.0 = AppStore|iPhone
		{11153105-9E48-41EC-A5C9-829E82C1BE6D}.AppStore|iPhoneSimulator.ActiveCfg = AppStore|iPhoneSimulator
		{11153105-9E48-41EC-A5C9-829E82C1BE6D}.AppStore|iPhoneSimulator.Build.0 = AppStore|iPhoneSimulator
		{11153105-9E48-41EC-A5C9-829E82C1BE6D}.AppStore|iPhoneSimulator.Deploy.0 = AppStore|iPhoneSimulator
		{11153105-9E48-41EC-A5C9-829E82C1BE6D}.AppStore|x64.ActiveCfg = AppStore|iPhone
		{11153105-9E48-41EC-A5C9-829E82C1BE6D}.AppStore|x64.Build.0 = AppStore|iPhone
		{11153105-9E48-41EC-A5C9-829E82C1BE6D}.AppStore|x64.Deploy.0 = AppStore|iPhone
		{11153105-9E48-41EC-A5C9-829E82C1BE6D}.AppStore|x86.ActiveCfg = AppStore|iPhone
		{11153105-9E48-41EC-A5C9-829E82C1BE6D}.AppStore|x86.Build.0 = AppStore|iPhone
		{11153105-9E48-41EC-A5C9-829E82C1BE6D}.AppStore|x86.Deploy.0 = AppStore|iPhone
		{11153105-9E48-41EC-A5C9-829E82C1BE6D}.Debug|Any CPU.ActiveCfg = Debug|iPhoneSimulator
		{11153105-9E48-41EC-A5C9-829E82C1BE6D}.Debug|Any CPU.Build.0 = Debug|iPhoneSimulator
		{11153105-9E48-41EC-A5C9-829E82C1BE6D}.Debug|Any CPU.Deploy.0 = Debug|iPhoneSimulator
		{11153105-9E48-41EC-A5C9-829E82C1BE6D}.Debug|ARM.ActiveCfg = Debug|iPhone
		{11153105-9E48-41EC-A5C9-829E82C1BE6D}.Debug|ARM.Build.0 = Debug|iPhone
		{11153105-9E48-41EC-A5C9-829E82C1BE6D}.Debug|ARM.Deploy.0 = Debug|iPhone
		{11153105-9E48-41EC-A5C9-829E82C1BE6D}.Debug|iPhone.ActiveCfg = Debug|iPhone
		{11153105-9E48-41EC-A5C9-829E82C1BE6D}.Debug|iPhone.Build.0 = Debug|iPhone
		{11153105-9E48-41EC-A5C9-829E82C1BE6D}.Debug|iPhone.Deploy.0 = Debug|iPhone
		{11153105-9E48-41EC-A5C9-829E82C1BE6D}.Debug|iPhoneSimulator.ActiveCfg = Debug|iPhoneSimulator
		{11153105-9E48-41EC-A5C9-829E82C1BE6D}.Debug|iPhoneSimulator.Build.0 = Debug|iPhoneSimulator
		{11153105-9E48-41EC-A5C9-829E82C1BE6D}.Debug|iPhoneSimulator.Deploy.0 = Debug|iPhoneSimulator
		{11153105-9E48-41EC-A5C9-829E82C1BE6D}.Debug|x64.ActiveCfg = Debug|iPhone
		{11153105-9E48-41EC-A5C9-829E82C1BE6D}.Debug|x64.Build.0 = Debug|iPhone
		{11153105-9E48-41EC-A5C9-829E82C1BE6D}.Debug|x64.Deploy.0 = Debug|iPhone
		{11153105-9E48-41EC-A5C9-829E82C1BE6D}.Debug|x86.ActiveCfg = Debug|iPhone
		{11153105-9E48-41EC-A5C9-829E82C1BE6D}.Debug|x86.Build.0 = Debug|iPhone
		{11153105-9E48-41EC-A5C9-829E82C1BE6D}.Debug|x86.Deploy.0 = Debug|iPhone
		{11153105-9E48-41EC-A5C9-829E82C1BE6D}.Release|Any CPU.ActiveCfg = Release|iPhone
		{11153105-9E48-41EC-A5C9-829E82C1BE6D}.Release|Any CPU.Build.0 = Release|iPhone
		{11153105-9E48-41EC-A5C9-829E82C1BE6D}.Release|Any CPU.Deploy.0 = Release|iPhone
		{11153105-9E48-41EC-A5C9-829E82C1BE6D}.Release|ARM.ActiveCfg = Release|iPhone
		{11153105-9E48-41EC-A5C9-829E82C1BE6D}.Release|ARM.Build.0 = Release|iPhone
		{11153105-9E48-41EC-A5C9-829E82C1BE6D}.Release|ARM.Deploy.0 = Release|iPhone
		{11153105-9E48-41EC-A5C9-829E82C1BE6D}.Release|iPhone.ActiveCfg = Release|iPhone
		{11153105-9E48-41EC-A5C9-829E82C1BE6D}.Release|iPhone.Build.0 = Release|iPhone
		{11153105-9E48-41EC-A5C9-829E82C1BE6D}.Release|iPhone.Deploy.0 = Release|iPhone
		{11153105-9E48-41EC-A5C9-829E82C1BE6D}.Release|iPhoneSimulator.ActiveCfg = Release|iPhoneSimulator
		{11153105-9E48-41EC-A5C9-829E82C1BE6D}.Release|iPhoneSimulator.Build.0 = Release|iPhoneSimulator
		{11153105-9E48-41EC-A5C9-829E82C1BE6D}.Release|iPhoneSimulator.Deploy.0 = Release|iPhoneSimulator
		{11153105-9E48-41EC-A5C9-829E82C1BE6D}.Release|x64.ActiveCfg = Release|iPhone
		{11153105-9E48-41EC-A5C9-829E82C1BE6D}.Release|x64.Build.0 = Release|iPhone
		{11153105-9E48-41EC-A5C9-829E82C1BE6D}.Release|x64.Deploy.0 = Release|iPhone
		{11153105-9E48-41EC-A5C9-829E82C1BE6D}.Release|x86.ActiveCfg = Release|iPhone
		{11153105-9E48-41EC-A5C9-829E82C1BE6D}.Release|x86.Build.0 = Release|iPhone
		{11153105-9E48-41EC-A5C9-829E82C1BE6D}.Release|x86.Deploy.0 = Release|iPhone
		{7F538A22-5BDD-47BC-BB5B-39E8EAF2F247}.Ad-Hoc|Any CPU.ActiveCfg = Release|x86
		{7F538A22-5BDD-47BC-BB5B-39E8EAF2F247}.Ad-Hoc|Any CPU.Build.0 = Release|x86
		{7F538A22-5BDD-47BC-BB5B-39E8EAF2F247}.Ad-Hoc|Any CPU.Deploy.0 = Release|x86
		{7F538A22-5BDD-47BC-BB5B-39E8EAF2F247}.Ad-Hoc|ARM.ActiveCfg = Release|ARM
		{7F538A22-5BDD-47BC-BB5B-39E8EAF2F247}.Ad-Hoc|ARM.Build.0 = Release|ARM
		{7F538A22-5BDD-47BC-BB5B-39E8EAF2F247}.Ad-Hoc|ARM.Deploy.0 = Release|ARM
		{7F538A22-5BDD-47BC-BB5B-39E8EAF2F247}.Ad-Hoc|iPhone.ActiveCfg = Release|x86
		{7F538A22-5BDD-47BC-BB5B-39E8EAF2F247}.Ad-Hoc|iPhone.Build.0 = Release|x86
		{7F538A22-5BDD-47BC-BB5B-39E8EAF2F247}.Ad-Hoc|iPhone.Deploy.0 = Release|x86
		{7F538A22-5BDD-47BC-BB5B-39E8EAF2F247}.Ad-Hoc|iPhoneSimulator.ActiveCfg = Release|x86
		{7F538A22-5BDD-47BC-BB5B-39E8EAF2F247}.Ad-Hoc|iPhoneSimulator.Build.0 = Release|x86
		{7F538A22-5BDD-47BC-BB5B-39E8EAF2F247}.Ad-Hoc|iPhoneSimulator.Deploy.0 = Release|x86
		{7F538A22-5BDD-47BC-BB5B-39E8EAF2F247}.Ad-Hoc|x64.ActiveCfg = Release|x64
		{7F538A22-5BDD-47BC-BB5B-39E8EAF2F247}.Ad-Hoc|x64.Build.0 = Release|x64
		{7F538A22-5BDD-47BC-BB5B-39E8EAF2F247}.Ad-Hoc|x64.Deploy.0 = Release|x64
		{7F538A22-5BDD-47BC-BB5B-39E8EAF2F247}.Ad-Hoc|x86.ActiveCfg = Release|x86
		{7F538A22-5BDD-47BC-BB5B-39E8EAF2F247}.Ad-Hoc|x86.Build.0 = Release|x86
		{7F538A22-5BDD-47BC-BB5B-39E8EAF2F247}.Ad-Hoc|x86.Deploy.0 = Release|x86
		{7F538A22-5BDD-47BC-BB5B-39E8EAF2F247}.AppStore|Any CPU.ActiveCfg = Release|x86
		{7F538A22-5BDD-47BC-BB5B-39E8EAF2F247}.AppStore|Any CPU.Build.0 = Release|x86
		{7F538A22-5BDD-47BC-BB5B-39E8EAF2F247}.AppStore|Any CPU.Deploy.0 = Release|x86
		{7F538A22-5BDD-47BC-BB5B-39E8EAF2F247}.AppStore|ARM.ActiveCfg = Release|ARM
		{7F538A22-5BDD-47BC-BB5B-39E8EAF2F247}.AppStore|ARM.Build.0 = Release|ARM
		{7F538A22-5BDD-47BC-BB5B-39E8EAF2F247}.AppStore|ARM.Deploy.0 = Release|ARM
		{7F538A22-5BDD-47BC-BB5B-39E8EAF2F247}.AppStore|iPhone.ActiveCfg = Release|x86
		{7F538A22-5BDD-47BC-BB5B-39E8EAF2F247}.AppStore|iPhone.Build.0 = Release|x86
		{7F538A22-5BDD-47BC-BB5B-39E8EAF2F247}.AppStore|iPhone.Deploy.0 = Release|x86
		{7F538A22-5BDD-47BC-BB5B-39E8EAF2F247}.AppStore|iPhoneSimulator.ActiveCfg = Release|x86
		{7F538A22-5BDD-47BC-BB5B-39E8EAF2F247}.AppStore|iPhoneSimulator.Build.0 = Release|x86
		{7F538A22-5BDD-47BC-BB5B-39E8EAF2F247}.AppStore|iPhoneSimulator.Deploy.0 = Release|x86
		{7F538A22-5BDD-47BC-BB5B-39E8EAF2F247}.AppStore|x64.ActiveCfg = Release|x64
		{7F538A22-5BDD-47BC-BB5B-39E8EAF2F247}.AppStore|x64.Build.0 = Release|x64
		{7F538A22-5BDD-47BC-BB5B-39E8EAF2F247}.AppStore|x64.Deploy.0 = Release|x64
		{7F538A22-5BDD-47BC-BB5B-39E8EAF2F247}.AppStore|x86.ActiveCfg = Release|x86
		{7F538A22-5BDD-47BC-BB5B-39E8EAF2F247}.AppStore|x86.Build.0 = Release|x86
		{7F538A22-5BDD-47BC-BB5B-39E8EAF2F247}.AppStore|x86.Deploy.0 = Release|x86
		{7F538A22-5BDD-47BC-BB5B-39E8EAF2F247}.Debug|Any CPU.ActiveCfg = Debug|x86
		{7F538A22-5BDD-47BC-BB5B-39E8EAF2F247}.Debug|Any CPU.Build.0 = Debug|x86
		{7F538A22-5BDD-47BC-BB5B-39E8EAF2F247}.Debug|Any CPU.Deploy.0 = Debug|x86
		{7F538A22-5BDD-47BC-BB5B-39E8EAF2F247}.Debug|ARM.ActiveCfg = Debug|ARM
		{7F538A22-5BDD-47BC-BB5B-39E8EAF2F247}.Debug|ARM.Build.0 = Debug|ARM
		{7F538A22-5BDD-47BC-BB5B-39E8EAF2F247}.Debug|ARM.Deploy.0 = Debug|ARM
		{7F538A22-5BDD-47BC-BB5B-39E8EAF2F247}.Debug|iPhone.ActiveCfg = Debug|x86
		{7F538A22-5BDD-47BC-BB5B-39E8EAF2F247}.Debug|iPhone.Build.0 = Debug|x86
		{7F538A22-5BDD-47BC-BB5B-39E8EAF2F247}.Debug|iPhone.Deploy.0 = Debug|x86
		{7F538A22-5BDD-47BC-BB5B-39E8EAF2F247}.Debug|iPhoneSimulator.ActiveCfg = Debug|x86
		{7F538A22-5BDD-47BC-BB5B-39E8EAF2F247}.Debug|iPhoneSimulator.Build.0 = Debug|x86
		{7F538A22-5BDD-47BC-BB5B-39E8EAF2F247}.Debug|iPhoneSimulator.Deploy.0 = Debug|x86
		{7F538A22-5BDD-47BC-BB5B-39E8EAF2F247}.Debug|x64.ActiveCfg = Debug|x64
		{7F538A22-5BDD-47BC-BB5B-39E8EAF2F247}.Debug|x64.Build.0 = Debug|x64
		{7F538A22-5BDD-47BC-BB5B-39E8EAF2F247}.Debug|x64.Deploy.0 = Debug|x64
		{7F538A22-5BDD-47BC-BB5B-39E8EAF2F247}.Debug|x86.ActiveCfg = Debug|x86
		{7F538A22-5BDD-47BC-BB5B-39E8EAF2F247}.Debug|x86.Build.0 = Debug|x86
		{7F538A22-5BDD-47BC-BB5B-39E8EAF2F247}.Debug|x86.Deploy.0 = Debug|x86
		{7F538A22-5BDD-47BC-BB5B-39E8EAF2F247}.Release|Any CPU.ActiveCfg = Release|x86
		{7F538A22-5BDD-47BC-BB5B-39E8EAF2F247}.Release|Any CPU.Build.0 = Release|x86
		{7F538A22-5BDD-47BC-BB5B-39E8EAF2F247}.Release|Any CPU.Deploy.0 = Release|x86
		{7F538A22-5BDD-47BC-BB5B-39E8EAF2F247}.Release|ARM.ActiveCfg = Release|ARM
		{7F538A22-5BDD-47BC-BB5B-39E8EAF2F247}.Release|ARM.Build.0 = Release|ARM
		{7F538A22-5BDD-47BC-BB5B-39E8EAF2F247}.Release|ARM.Deploy.0 = Release|ARM
		{7F538A22-5BDD-47BC-BB5B-39E8EAF2F247}.Release|iPhone.ActiveCfg = Release|x86
		{7F538A22-5BDD-47BC-BB5B-39E8EAF2F247}.Release|iPhone.Build.0 = Release|x86
		{7F538A22-5BDD-47BC-BB5B-39E8EAF2F247}.Release|iPhone.Deploy.0 = Release|x86
		{7F538A22-5BDD-47BC-BB5B-39E8EAF2F247}.Release|iPhoneSimulator.ActiveCfg = Release|x86
		{7F538A22-5BDD-47BC-BB5B-39E8EAF2F247}.Release|iPhoneSimulator.Build.0 = Release|x86
		{7F538A22-5BDD-47BC-BB5B-39E8EAF2F247}.Release|iPhoneSimulator.Deploy.0 = Release|x86
		{7F538A22-5BDD-47BC-BB5B-39E8EAF2F247}.Release|x64.ActiveCfg = Release|x64
		{7F538A22-5BDD-47BC-BB5B-39E8EAF2F247}.Release|x64.Build.0 = Release|x64
		{7F538A22-5BDD-47BC-BB5B-39E8EAF2F247}.Release|x64.Deploy.0 = Release|x64
		{7F538A22-5BDD-47BC-BB5B-39E8EAF2F247}.Release|x86.ActiveCfg = Release|x86
		{7F538A22-5BDD-47BC-BB5B-39E8EAF2F247}.Release|x86.Build.0 = Release|x86
		{7F538A22-5BDD-47BC-BB5B-39E8EAF2F247}.Release|x86.Deploy.0 = Release|x86
		{8E9C7AE2-58A8-4728-9837-105F8A64193E}.Ad-Hoc|Any CPU.ActiveCfg = Debug|Any CPU
		{8E9C7AE2-58A8-4728-9837-105F8A64193E}.Ad-Hoc|Any CPU.Build.0 = Debug|Any CPU
		{8E9C7AE2-58A8-4728-9837-105F8A64193E}.Ad-Hoc|Any CPU.Deploy.0 = Debug|Any CPU
		{8E9C7AE2-58A8-4728-9837-105F8A64193E}.Ad-Hoc|ARM.ActiveCfg = Debug|Any CPU
		{8E9C7AE2-58A8-4728-9837-105F8A64193E}.Ad-Hoc|ARM.Build.0 = Debug|Any CPU
		{8E9C7AE2-58A8-4728-9837-105F8A64193E}.Ad-Hoc|ARM.Deploy.0 = Debug|Any CPU
		{8E9C7AE2-58A8-4728-9837-105F8A64193E}.Ad-Hoc|iPhone.ActiveCfg = Debug|Any CPU
		{8E9C7AE2-58A8-4728-9837-105F8A64193E}.Ad-Hoc|iPhone.Build.0 = Debug|Any CPU
		{8E9C7AE2-58A8-4728-9837-105F8A64193E}.Ad-Hoc|iPhone.Deploy.0 = Debug|Any CPU
		{8E9C7AE2-58A8-4728-9837-105F8A64193E}.Ad-Hoc|iPhoneSimulator.ActiveCfg = Debug|Any CPU
		{8E9C7AE2-58A8-4728-9837-105F8A64193E}.Ad-Hoc|iPhoneSimulator.Build.0 = Debug|Any CPU
		{8E9C7AE2-58A8-4728-9837-105F8A64193E}.Ad-Hoc|iPhoneSimulator.Deploy.0 = Debug|Any CPU
		{8E9C7AE2-58A8-4728-9837-105F8A64193E}.Ad-Hoc|x64.ActiveCfg = Debug|Any CPU
		{8E9C7AE2-58A8-4728-9837-105F8A64193E}.Ad-Hoc|x64.Build.0 = Debug|Any CPU
		{8E9C7AE2-58A8-4728-9837-105F8A64193E}.Ad-Hoc|x64.Deploy.0 = Debug|Any CPU
		{8E9C7AE2-58A8-4728-9837-105F8A64193E}.Ad-Hoc|x86.ActiveCfg = Debug|Any CPU
		{8E9C7AE2-58A8-4728-9837-105F8A64193E}.Ad-Hoc|x86.Build.0 = Debug|Any CPU
		{8E9C7AE2-58A8-4728-9837-105F8A64193E}.Ad-Hoc|x86.Deploy.0 = Debug|Any CPU
		{8E9C7AE2-58A8-4728-9837-105F8A64193E}.AppStore|Any CPU.ActiveCfg = Debug|Any CPU
		{8E9C7AE2-58A8-4728-9837-105F8A64193E}.AppStore|Any CPU.Build.0 = Debug|Any CPU
		{8E9C7AE2-58A8-4728-9837-105F8A64193E}.AppStore|Any CPU.Deploy.0 = Debug|Any CPU
		{8E9C7AE2-58A8-4728-9837-105F8A64193E}.AppStore|ARM.ActiveCfg = Debug|Any CPU
		{8E9C7AE2-58A8-4728-9837-105F8A64193E}.AppStore|ARM.Build.0 = Debug|Any CPU
		{8E9C7AE2-58A8-4728-9837-105F8A64193E}.AppStore|ARM.Deploy.0 = Debug|Any CPU
		{8E9C7AE2-58A8-4728-9837-105F8A64193E}.AppStore|iPhone.ActiveCfg = Debug|Any CPU
		{8E9C7AE2-58A8-4728-9837-105F8A64193E}.AppStore|iPhone.Build.0 = Debug|Any CPU
		{8E9C7AE2-58A8-4728-9837-105F8A64193E}.AppStore|iPhone.Deploy.0 = Debug|Any CPU
		{8E9C7AE2-58A8-4728-9837-105F8A64193E}.AppStore|iPhoneSimulator.ActiveCfg = Debug|Any CPU
		{8E9C7AE2-58A8-4728-9837-105F8A64193E}.AppStore|iPhoneSimulator.Build.0 = Debug|Any CPU
		{8E9C7AE2-58A8-4728-9837-105F8A64193E}.AppStore|iPhoneSimulator.Deploy.0 = Debug|Any CPU
		{8E9C7AE2-58A8-4728-9837-105F8A64193E}.AppStore|x64.ActiveCfg = Debug|Any CPU
		{8E9C7AE2-58A8-4728-9837-105F8A64193E}.AppStore|x64.Build.0 = Debug|Any CPU
		{8E9C7AE2-58A8-4728-9837-105F8A64193E}.AppStore|x64.Deploy.0 = Debug|Any CPU
		{8E9C7AE2-58A8-4728-9837-105F8A64193E}.AppStore|x86.ActiveCfg = Debug|Any CPU
		{8E9C7AE2-58A8-4728-9837-105F8A64193E}.AppStore|x86.Build.0 = Debug|Any CPU
		{8E9C7AE2-58A8-4728-9837-105F8A64193E}.AppStore|x86.Deploy.0 = Debug|Any CPU
		{8E9C7AE2-58A8-4728-9837-105F8A64193E}.Debug|Any CPU.ActiveCfg = Debug|Any CPU
		{8E9C7AE2-58A8-4728-9837-105F8A64193E}.Debug|Any CPU.Build.0 = Debug|Any CPU
		{8E9C7AE2-58A8-4728-9837-105F8A64193E}.Debug|Any CPU.Deploy.0 = Debug|Any CPU
		{8E9C7AE2-58A8-4728-9837-105F8A64193E}.Debug|ARM.ActiveCfg = Debug|Any CPU
		{8E9C7AE2-58A8-4728-9837-105F8A64193E}.Debug|ARM.Build.0 = Debug|Any CPU
		{8E9C7AE2-58A8-4728-9837-105F8A64193E}.Debug|ARM.Deploy.0 = Debug|Any CPU
		{8E9C7AE2-58A8-4728-9837-105F8A64193E}.Debug|iPhone.ActiveCfg = Debug|Any CPU
		{8E9C7AE2-58A8-4728-9837-105F8A64193E}.Debug|iPhone.Build.0 = Debug|Any CPU
		{8E9C7AE2-58A8-4728-9837-105F8A64193E}.Debug|iPhone.Deploy.0 = Debug|Any CPU
		{8E9C7AE2-58A8-4728-9837-105F8A64193E}.Debug|iPhoneSimulator.ActiveCfg = Debug|Any CPU
		{8E9C7AE2-58A8-4728-9837-105F8A64193E}.Debug|iPhoneSimulator.Build.0 = Debug|Any CPU
		{8E9C7AE2-58A8-4728-9837-105F8A64193E}.Debug|iPhoneSimulator.Deploy.0 = Debug|Any CPU
		{8E9C7AE2-58A8-4728-9837-105F8A64193E}.Debug|x64.ActiveCfg = Debug|Any CPU
		{8E9C7AE2-58A8-4728-9837-105F8A64193E}.Debug|x64.Build.0 = Debug|Any CPU
		{8E9C7AE2-58A8-4728-9837-105F8A64193E}.Debug|x64.Deploy.0 = Debug|Any CPU
		{8E9C7AE2-58A8-4728-9837-105F8A64193E}.Debug|x86.ActiveCfg = Debug|Any CPU
		{8E9C7AE2-58A8-4728-9837-105F8A64193E}.Debug|x86.Build.0 = Debug|Any CPU
		{8E9C7AE2-58A8-4728-9837-105F8A64193E}.Debug|x86.Deploy.0 = Debug|Any CPU
		{8E9C7AE2-58A8-4728-9837-105F8A64193E}.Release|Any CPU.ActiveCfg = Release|Any CPU
		{8E9C7AE2-58A8-4728-9837-105F8A64193E}.Release|Any CPU.Build.0 = Release|Any CPU
		{8E9C7AE2-58A8-4728-9837-105F8A64193E}.Release|Any CPU.Deploy.0 = Release|Any CPU
		{8E9C7AE2-58A8-4728-9837-105F8A64193E}.Release|ARM.ActiveCfg = Release|Any CPU
		{8E9C7AE2-58A8-4728-9837-105F8A64193E}.Release|ARM.Build.0 = Release|Any CPU
		{8E9C7AE2-58A8-4728-9837-105F8A64193E}.Release|ARM.Deploy.0 = Release|Any CPU
		{8E9C7AE2-58A8-4728-9837-105F8A64193E}.Release|iPhone.ActiveCfg = Release|Any CPU
		{8E9C7AE2-58A8-4728-9837-105F8A64193E}.Release|iPhone.Build.0 = Release|Any CPU
		{8E9C7AE2-58A8-4728-9837-105F8A64193E}.Release|iPhone.Deploy.0 = Release|Any CPU
		{8E9C7AE2-58A8-4728-9837-105F8A64193E}.Release|iPhoneSimulator.ActiveCfg = Release|Any CPU
		{8E9C7AE2-58A8-4728-9837-105F8A64193E}.Release|iPhoneSimulator.Build.0 = Release|Any CPU
		{8E9C7AE2-58A8-4728-9837-105F8A64193E}.Release|iPhoneSimulator.Deploy.0 = Release|Any CPU
		{8E9C7AE2-58A8-4728-9837-105F8A64193E}.Release|x64.ActiveCfg = Release|Any CPU
		{8E9C7AE2-58A8-4728-9837-105F8A64193E}.Release|x64.Build.0 = Release|Any CPU
		{8E9C7AE2-58A8-4728-9837-105F8A64193E}.Release|x64.Deploy.0 = Release|Any CPU
		{8E9C7AE2-58A8-4728-9837-105F8A64193E}.Release|x86.ActiveCfg = Release|Any CPU
		{8E9C7AE2-58A8-4728-9837-105F8A64193E}.Release|x86.Build.0 = Release|Any CPU
		{8E9C7AE2-58A8-4728-9837-105F8A64193E}.Release|x86.Deploy.0 = Release|Any CPU
	EndGlobalSection
	GlobalSection(SolutionProperties) = preSolution
		HideSolutionNode = FALSE
	EndGlobalSection
	GlobalSection(ExtensibilityGlobals) = postSolution
		SolutionGuid = {71013FB5-3EBE-4D60-89AC-DA896895C40C}
	EndGlobalSection
EndGlobal
